
Microsoft Visual Studio Solution File, Format Version 12.00
# Visual Studio Version 17
VisualStudioVersion = 17.7.34221.43
MinimumVisualStudioVersion = 10.0.40219.1
Project("{FAE04EC0-301F-11D3-BF4B-00C04F79EFBC}") = "Calcukator", "Calcukator\Calcukator.csproj", "{FD44E85B-8480-48EE-8ED9-0B9AE1E08B71}"
EndProject
Global
	GlobalSection(SolutionConfigurationPlatforms) = preSolution
		Debug|Any CPU = Debug|Any CPU
		Release|Any CPU = Release|Any CPU
	EndGlobalSection
	GlobalSection(ProjectConfigurationPlatforms) = postSolution
		{FD44E85B-8480-48EE-8ED9-0B9AE1E08B71}.Debug|Any CPU.ActiveCfg = Debug|Any CPU
		{FD44E85B-8480-48EE-8ED9-0B9AE1E08B71}.Debug|Any CPU.Build.0 = Debug|Any CPU
		{FD44E85B-8480-48EE-8ED9-0B9AE1E08B71}.Release|Any CPU.ActiveCfg = Release|Any CPU
		{FD44E85B-8480-48EE-8ED9-0B9AE1E08B71}.Release|Any CPU.Build.0 = Release|Any CPU
	EndGlobalSection
	GlobalSection(SolutionProperties) = preSolution
		HideSolutionNode = FALSE
	EndGlobalSection
	GlobalSection(ExtensibilityGlobals) = postSolution
		SolutionGuid = {6FF5A32F-D984-452A-BAFC-CE7820991D96}
	EndGlobalSection
EndGlobal
